// !$*UTF8*$!
{
	archiveVersion = 1;
	classes = {
	};
	objectVersion = 56;
	objects = {

/* Begin PBXBuildFile section */
		AA000001 /* MaiaMailApp.swift in Sources */ = {isa = PBXBuildFile; fileRef = AB000001; };
		AA000002 /* EmailMessage.swift in Sources */ = {isa = PBXBuildFile; fileRef = AB000002; };
		AA000003 /* EmailFolder.swift in Sources */ = {isa = PBXBuildFile; fileRef = AB000003; };
		AA000004 /* EmailAccount.swift in Sources */ = {isa = PBXBuildFile; fileRef = AB000004; };
		AA000005 /* IMAPService.swift in Sources */ = {isa = PBXBuildFile; fileRef = AB000005; };
		AA000006 /* SMTPService.swift in Sources */ = {isa = PBXBuildFile; fileRef = AB000006; };
		AA000007 /* EmailService.swift in Sources */ = {isa = PBXBuildFile; fileRef = AB000007; };
		AA000008 /* KeychainHelper.swift in Sources */ = {isa = PBXBuildFile; fileRef = AB000008; };
		AA000009 /* InboxViewModel.swift in Sources */ = {isa = PBXBuildFile; fileRef = AB000009; };
		AA000010 /* ComposeViewModel.swift in Sources */ = {isa = PBXBuildFile; fileRef = AB000010; };
		AA000011 /* AccountViewModel.swift in Sources */ = {isa = PBXBuildFile; fileRef = AB000011; };
		AA000012 /* Theme.swift in Sources */ = {isa = PBXBuildFile; fileRef = AB000012; };
		AA000013 /* MainTabView.swift in Sources */ = {isa = PBXBuildFile; fileRef = AB000013; };
		AA000014 /* InboxView.swift in Sources */ = {isa = PBXBuildFile; fileRef = AB000014; };
		AA000015 /* EmailRowView.swift in Sources */ = {isa = PBXBuildFile; fileRef = AB000015; };
		AA000016 /* EmailDetailView.swift in Sources */ = {isa = PBXBuildFile; fileRef = AB000016; };
		AA000017 /* ComposeView.swift in Sources */ = {isa = PBXBuildFile; fileRef = AB000017; };
		AA000018 /* FoldersView.swift in Sources */ = {isa = PBXBuildFile; fileRef = AB000018; };
		AA000019 /* AccountSetupView.swift in Sources */ = {isa = PBXBuildFile; fileRef = AB000019; };
		AA000020 /* SettingsView.swift in Sources */ = {isa = PBXBuildFile; fileRef = AB000020; };
		AA000021 /* Components.swift in Sources */ = {isa = PBXBuildFile; fileRef = AB000021; };
		AA000022 /* Assets.xcassets in Resources */ = {isa = PBXBuildFile; fileRef = AB000022; };
/* End PBXBuildFile section */

/* Begin PBXFileReference section */
		AB000001 /* MaiaMailApp.swift */ = {isa = PBXFileReference; lastKnownFileType = sourcecode.swift; path = MaiaMailApp.swift; sourceTree = "<group>"; };
		AB000002 /* EmailMessage.swift */ = {isa = PBXFileReference; lastKnownFileType = sourcecode.swift; path = EmailMessage.swift; sourceTree = "<group>"; };
		AB000003 /* EmailFolder.swift */ = {isa = PBXFileReference; lastKnownFileType = sourcecode.swift; path = EmailFolder.swift; sourceTree = "<group>"; };
		AB000004 /* EmailAccount.swift */ = {isa = PBXFileReference; lastKnownFileType = sourcecode.swift; path = EmailAccount.swift; sourceTree = "<group>"; };
		AB000005 /* IMAPService.swift */ = {isa = PBXFileReference; lastKnownFileType = sourcecode.swift; path = IMAPService.swift; sourceTree = "<group>"; };
		AB000006 /* SMTPService.swift */ = {isa = PBXFileReference; lastKnownFileType = sourcecode.swift; path = SMTPService.swift; sourceTree = "<group>"; };
		AB000007 /* EmailService.swift */ = {isa = PBXFileReference; lastKnownFileType = sourcecode.swift; path = EmailService.swift; sourceTree = "<group>"; };
		AB000008 /* KeychainHelper.swift */ = {isa = PBXFileReference; lastKnownFileType = sourcecode.swift; path = KeychainHelper.swift; sourceTree = "<group>"; };
		AB000009 /* InboxViewModel.swift */ = {isa = PBXFileReference; lastKnownFileType = sourcecode.swift; path = InboxViewModel.swift; sourceTree = "<group>"; };
		AB000010 /* ComposeViewModel.swift */ = {isa = PBXFileReference; lastKnownFileType = sourcecode.swift; path = ComposeViewModel.swift; sourceTree = "<group>"; };
		AB000011 /* AccountViewModel.swift */ = {isa = PBXFileReference; lastKnownFileType = sourcecode.swift; path = AccountViewModel.swift; sourceTree = "<group>"; };
		AB000012 /* Theme.swift */ = {isa = PBXFileReference; lastKnownFileType = sourcecode.swift; path = Theme.swift; sourceTree = "<group>"; };
		AB000013 /* MainTabView.swift */ = {isa = PBXFileReference; lastKnownFileType = sourcecode.swift; path = MainTabView.swift; sourceTree = "<group>"; };
		AB000014 /* InboxView.swift */ = {isa = PBXFileReference; lastKnownFileType = sourcecode.swift; path = InboxView.swift; sourceTree = "<group>"; };
		AB000015 /* EmailRowView.swift */ = {isa = PBXFileReference; lastKnownFileType = sourcecode.swift; path = EmailRowView.swift; sourceTree = "<group>"; };
		AB000016 /* EmailDetailView.swift */ = {isa = PBXFileReference; lastKnownFileType = sourcecode.swift; path = EmailDetailView.swift; sourceTree = "<group>"; };
		AB000017 /* ComposeView.swift */ = {isa = PBXFileReference; lastKnownFileType = sourcecode.swift; path = ComposeView.swift; sourceTree = "<group>"; };
		AB000018 /* FoldersView.swift */ = {isa = PBXFileReference; lastKnownFileType = sourcecode.swift; path = FoldersView.swift; sourceTree = "<group>"; };
		AB000019 /* AccountSetupView.swift */ = {isa = PBXFileReference; lastKnownFileType = sourcecode.swift; path = AccountSetupView.swift; sourceTree = "<group>"; };
		AB000020 /* SettingsView.swift */ = {isa = PBXFileReference; lastKnownFileType = sourcecode.swift; path = SettingsView.swift; sourceTree = "<group>"; };
		AB000021 /* Components.swift */ = {isa = PBXFileReference; lastKnownFileType = sourcecode.swift; path = Components.swift; sourceTree = "<group>"; };
		AB000022 /* Assets.xcassets */ = {isa = PBXFileReference; lastKnownFileType = folder.assetcatalog; path = Assets.xcassets; sourceTree = "<group>"; };
		AC000001 /* MaiaMail.app */ = {isa = PBXFileReference; explicitFileType = wrapper.application; includeInIndex = 0; path = MaiaMail.app; sourceTree = BUILT_PRODUCTS_DIR; };
/* End PBXFileReference section */

/* Begin PBXFrameworksBuildPhase section */
		AD000001 /* Frameworks */ = {
			isa = PBXFrameworksBuildPhase;
			buildActionMask = 2147483647;
			files = (
			);
			runOnlyForDeploymentPostprocessing = 0;
		};
/* End PBXFrameworksBuildPhase section */

/* Begin PBXGroup section */
		AE000001 = {
			isa = PBXGroup;
			children = (
				AE000002 /* MaiaMail */,
				AE000099 /* Products */,
			);
			sourceTree = "<group>";
		};
		AE000002 /* MaiaMail */ = {
			isa = PBXGroup;
			children = (
				AB000001 /* MaiaMailApp.swift */,
				AE000003 /* Models */,
				AE000004 /* Services */,
				AE000005 /* ViewModels */,
				AE000006 /* Views */,
				AE000010 /* Theme */,
				AB000022 /* Assets.xcassets */,
			);
			path = MaiaMail;
			sourceTree = "<group>";
		};
		AE000003 /* Models */ = {
			isa = PBXGroup;
			children = (
				AB000002 /* EmailMessage.swift */,
				AB000003 /* EmailFolder.swift */,
				AB000004 /* EmailAccount.swift */,
			);
			path = Models;
			sourceTree = "<group>";
		};
		AE000004 /* Services */ = {
			isa = PBXGroup;
			children = (
				AB000005 /* IMAPService.swift */,
				AB000006 /* SMTPService.swift */,
				AB000007 /* EmailService.swift */,
				AB000008 /* KeychainHelper.swift */,
			);
			path = Services;
			sourceTree = "<group>";
		};
		AE000005 /* ViewModels */ = {
			isa = PBXGroup;
			children = (
				AB000009 /* InboxViewModel.swift */,
				AB000010 /* ComposeViewModel.swift */,
				AB000011 /* AccountViewModel.swift */,
			);
			path = ViewModels;
			sourceTree = "<group>";
		};
		AE000006 /* Views */ = {
			isa = PBXGroup;
			children = (
				AB000013 /* MainTabView.swift */,
				AE000007 /* Inbox */,
				AE000008 /* Detail */,
				AE000011 /* Compose */,
				AE000012 /* Folders */,
				AE000009 /* Settings */,
				AE000013 /* Components */,
			);
			path = Views;
			sourceTree = "<group>";
		};
		AE000007 /* Inbox */ = {
			isa = PBXGroup;
			children = (
				AB000014 /* InboxView.swift */,
				AB000015 /* EmailRowView.swift */,
			);
			path = Inbox;
			sourceTree = "<group>";
		};
		AE000008 /* Detail */ = {
			isa = PBXGroup;
			children = (
				AB000016 /* EmailDetailView.swift */,
			);
			path = Detail;
			sourceTree = "<group>";
		};
		AE000009 /* Settings */ = {
			isa = PBXGroup;
			children = (
				AB000019 /* AccountSetupView.swift */,
				AB000020 /* SettingsView.swift */,
			);
			path = Settings;
			sourceTree = "<group>";
		};
		AE000010 /* Theme */ = {
			isa = PBXGroup;
			children = (
				AB000012 /* Theme.swift */,
			);
			path = Theme;
			sourceTree = "<group>";
		};
		AE000011 /* Compose */ = {
			isa = PBXGroup;
			children = (
				AB000017 /* ComposeView.swift */,
			);
			path = Compose;
			sourceTree = "<group>";
		};
		AE000012 /* Folders */ = {
			isa = PBXGroup;
			children = (
				AB000018 /* FoldersView.swift */,
			);
			path = Folders;
			sourceTree = "<group>";
		};
		AE000013 /* Components */ = {
			isa = PBXGroup;
			children = (
				AB000021 /* Components.swift */,
			);
			path = Components;
			sourceTree = "<group>";
		};
		AE000099 /* Products */ = {
			isa = PBXGroup;
			children = (
				AC000001 /* MaiaMail.app */,
			);
			name = Products;
			sourceTree = "<group>";
		};
/* End PBXGroup section */

/* Begin PBXNativeTarget section */
		AF000001 /* MaiaMail */ = {
			isa = PBXNativeTarget;
			buildConfigurationList = B0000002 /* Build configuration list for PBXNativeTarget "MaiaMail" */;
			buildPhases = (
				AF000002 /* Sources */,
				AD000001 /* Frameworks */,
				AF000003 /* Resources */,
			);
			buildRules = (
			);
			dependencies = (
			);
			name = MaiaMail;
			productName = MaiaMail;
			productReference = AC000001 /* MaiaMail.app */;
			productType = "com.apple.product-type.application";
		};
/* End PBXNativeTarget section */

/* Begin PBXProject section */
		B1000001 /* Project object */ = {
			isa = PBXProject;
			attributes = {
				BuildIndependentTargetsInParallel = 1;
				LastSwiftUpdateCheck = 1540;
				LastUpgradeCheck = 1540;
				TargetAttributes = {
					AF000001 = {
						CreatedOnToolsVersion = 15.4;
					};
				};
			};
			buildConfigurationList = B0000001 /* Build configuration list for PBXProject "MaiaMail" */;
			compatibilityVersion = "Xcode 14.0";
			developmentRegion = en;
			hasScannedForEncodings = 0;
			knownRegions = (
				en,
				Base,
			);
			mainGroup = AE000001;
			productRefGroup = AE000099 /* Products */;
			projectDirPath = "";
			projectRoot = "";
			targets = (
				AF000001 /* MaiaMail */,
			);
		};
/* End PBXProject section */

/* Begin PBXResourcesBuildPhase section */
		AF000003 /* Resources */ = {
			isa = PBXResourcesBuildPhase;
			buildActionMask = 2147483647;
			files = (
				AA000022 /* Assets.xcassets in Resources */,
			);
			runOnlyForDeploymentPostprocessing = 0;
		};
/* End PBXResourcesBuildPhase section */

/* Begin PBXSourcesBuildPhase section */
		AF000002 /* Sources */ = {
			isa = PBXSourcesBuildPhase;
			buildActionMask = 2147483647;
			files = (
				AA000001 /* MaiaMailApp.swift in Sources */,
				AA000002 /* EmailMessage.swift in Sources */,
				AA000003 /* EmailFolder.swift in Sources */,
				AA000004 /* EmailAccount.swift in Sources */,
				AA000005 /* IMAPService.swift in Sources */,
				AA000006 /* SMTPService.swift in Sources */,
				AA000007 /* EmailService.swift in Sources */,
				AA000008 /* KeychainHelper.swift in Sources */,
				AA000009 /* InboxViewModel.swift in Sources */,
				AA000010 /* ComposeViewModel.swift in Sources */,
				AA000011 /* AccountViewModel.swift in Sources */,
				AA000012 /* Theme.swift in Sources */,
				AA000013 /* MainTabView.swift in Sources */,
				AA000014 /* InboxView.swift in Sources */,
				AA000015 /* EmailRowView.swift in Sources */,
				AA000016 /* EmailDetailView.swift in Sources */,
				AA000017 /* ComposeView.swift in Sources */,
				AA000018 /* FoldersView.swift in Sources */,
				AA000019 /* AccountSetupView.swift in Sources */,
				AA000020 /* SettingsView.swift in Sources */,
				AA000021 /* Components.swift in Sources */,
			);
			runOnlyForDeploymentPostprocessing = 0;
		};
/* End PBXSourcesBuildPhase section */

/* Begin XCBuildConfiguration section */
		B2000001 /* Debug */ = {
			isa = XCBuildConfiguration;
			buildSettings = {
				ALWAYS_SEARCH_USER_PATHS = NO;
				ASSETCATALOG_COMPILER_GENERATE_SWIFT_ASSET_SYMBOL_EXTENSIONS = YES;
				CLANG_ANALYZER_NONNULL = YES;
				CLANG_ANALYZER_NUMBER_OBJECT_CONVERSION = YES_AGGRESSIVE;
				CLANG_CXX_LANGUAGE_STANDARD = "gnu++20";
				CLANG_ENABLE_MODULES = YES;
				CLANG_ENABLE_OBJC_ARC = YES;
				CLANG_ENABLE_OBJC_WEAK = YES;
				CLANG_WARN_BLOCK_CAPTURE_AUTORELEASING = YES;
				CLANG_WARN_BOOL_CONVERSION = YES;
				CLANG_WARN_COMMA = YES;
				CLANG_WARN_CONSTANT_CONVERSION = YES;
				CLANG_WARN_DEPRECATED_OBJC_IMPLEMENTATIONS = YES;
				CLANG_WARN_DIRECT_OBJC_ISA_USAGE = YES_ERROR;
				CLANG_WARN_DOCUMENTATION_COMMENTS = YES;
				CLANG_WARN_EMPTY_BODY = YES;
				CLANG_WARN_ENUM_CONVERSION = YES;
				CLANG_WARN_INFINITE_RECURSION = YES;
				CLANG_WARN_INT_CONVERSION = YES;
				CLANG_WARN_NON_LITERAL_NULL_CONVERSION = YES;
				CLANG_WARN_OBJC_IMPLICIT_RETAIN_SELF = YES;
				CLANG_WARN_OBJC_LITERAL_CONVERSION = YES;
				CLANG_WARN_OBJC_ROOT_CLASS = YES_ERROR;
				CLANG_WARN_QUOTED_INCLUDE_IN_FRAMEWORK_HEADER = YES;
				CLANG_WARN_RANGE_LOOP_ANALYSIS = YES;
				CLANG_WARN_STRICT_PROTOTYPES = YES;
				CLANG_WARN_SUSPICIOUS_MOVE = YES;
				CLANG_WARN_UNGUARDED_AVAILABILITY = YES_AGGRESSIVE;
				CLANG_WARN_UNREACHABLE_CODE = YES;
				CLANG_WARN__DUPLICATE_METHOD_MATCH = YES;
				COPY_PHASE_STRIP = NO;
				DEBUG_INFORMATION_FORMAT = dwarf;
				ENABLE_STRICT_OBJC_MSGSEND = YES;
				ENABLE_TESTABILITY = YES;
				ENABLE_USER_SCRIPT_SANDBOXING = YES;
				GCC_C_LANGUAGE_STANDARD = gnu17;
				GCC_DYNAMIC_NO_PIC = NO;
				GCC_NO_COMMON_BLOCKS = YES;
				GCC_OPTIMIZATION_LEVEL = 0;
				GCC_PREPROCESSOR_DEFINITIONS = (
					"DEBUG=1",
					"$(inherited)",
				);
				GCC_WARN_64_TO_32_BIT_CONVERSION = YES;
				GCC_WARN_ABOUT_RETURN_TYPE = YES_ERROR;
				GCC_WARN_UNDECLARED_SELECTOR = YES;
				GCC_WARN_UNINITIALIZED_AUTOS = YES_AGGRESSIVE;
				GCC_WARN_UNUSED_FUNCTION = YES;
				GCC_WARN_UNUSED_VARIABLE = YES;
				IPHONEOS_DEPLOYMENT_TARGET = 17.0;
				LOCALIZATION_PREFERS_STRING_CATALOGS = YES;
				MTL_ENABLE_DEBUG_INFO = INCLUDE_SOURCE;
				MTL_FAST_MATH = YES;
				ONLY_ACTIVE_ARCH = YES;
				SDKROOT = iphoneos;
				SWIFT_ACTIVE_COMPILATION_CONDITIONS = "DEBUG $(inherited)";
				SWIFT_OPTIMIZATION_LEVEL = "-Onone";
			};
			name = Debug;
		};
		B2000002 /* Release */ = {
			isa = XCBuildConfiguration;
			buildSettings = {
				ALWAYS_SEARCH_USER_PATHS = NO;
				ASSETCATALOG_COMPILER_GENERATE_SWIFT_ASSET_SYMBOL_EXTENSIONS = YES;
				CLANG_ANALYZER_NONNULL = YES;
				CLANG_ANALYZER_NUMBER_OBJECT_CONVERSION = YES_AGGRESSIVE;
				CLANG_CXX_LANGUAGE_STANDARD = "gnu++20";
				CLANG_ENABLE_MODULES = YES;
				CLANG_ENABLE_OBJC_ARC = YES;
				CLANG_ENABLE_OBJC_WEAK = YES;
				CLANG_WARN_BLOCK_CAPTURE_AUTORELEASING = YES;
				CLANG_WARN_BOOL_CONVERSION = YES;
				CLANG_WARN_COMMA = YES;
				CLANG_WARN_CONSTANT_CONVERSION = YES;
				CLANG_WARN_DEPRECATED_OBJC_IMPLEMENTATIONS = YES;
				CLANG_WARN_DIRECT_OBJC_ISA_USAGE = YES_ERROR;
				CLANG_WARN_DOCUMENTATION_COMMENTS = YES;
				CLANG_WARN_EMPTY_BODY = YES;
				CLANG_WARN_ENUM_CONVERSION = YES;
				CLANG_WARN_INFINITE_RECURSION = YES;
				CLANG_WARN_INT_CONVERSION = YES;
				CLANG_WARN_NON_LITERAL_NULL_CONVERSION = YES;
				CLANG_WARN_OBJC_IMPLICIT_RETAIN_SELF = YES;
				CLANG_WARN_OBJC_LITERAL_CONVERSION = YES;
				CLANG_WARN_OBJC_ROOT_CLASS = YES_ERROR;
				CLANG_WARN_QUOTED_INCLUDE_IN_FRAMEWORK_HEADER = YES;
				CLANG_WARN_RANGE_LOOP_ANALYSIS = YES;
				CLANG_WARN_STRICT_PROTOTYPES = YES;
				CLANG_WARN_SUSPICIOUS_MOVE = YES;
				CLANG_WARN_UNGUARDED_AVAILABILITY = YES_AGGRESSIVE;
				CLANG_WARN_UNREACHABLE_CODE = YES;
				CLANG_WARN__DUPLICATE_METHOD_MATCH = YES;
				COPY_PHASE_STRIP = NO;
				DEBUG_INFORMATION_FORMAT = "dwarf-with-dsym";
				ENABLE_NS_ASSERTIONS = NO;
				ENABLE_STRICT_OBJC_MSGSEND = YES;
				ENABLE_USER_SCRIPT_SANDBOXING = YES;
				GCC_C_LANGUAGE_STANDARD = gnu17;
				GCC_NO_COMMON_BLOCKS = YES;
				GCC_WARN_64_TO_32_BIT_CONVERSION = YES;
				GCC_WARN_ABOUT_RETURN_TYPE = YES_ERROR;
				GCC_WARN_UNDECLARED_SELECTOR = YES;
				GCC_WARN_UNINITIALIZED_AUTOS = YES_AGGRESSIVE;
				GCC_WARN_UNUSED_FUNCTION = YES;
				GCC_WARN_UNUSED_VARIABLE = YES;
				IPHONEOS_DEPLOYMENT_TARGET = 17.0;
				LOCALIZATION_PREFERS_STRING_CATALOGS = YES;
				MTL_ENABLE_DEBUG_INFO = NO;
				MTL_FAST_MATH = YES;
				SDKROOT = iphoneos;
				SWIFT_COMPILATION_MODE = wholemodule;
				VALIDATE_PRODUCT = YES;
			};
			name = Release;
		};
		B2000003 /* Debug */ = {
			isa = XCBuildConfiguration;
			buildSettings = {
				ASSETCATALOG_COMPILER_APPICON_NAME = AppIcon;
				ASSETCATALOG_COMPILER_GLOBAL_ACCENT_COLOR_NAME = AccentColor;
				CODE_SIGN_STYLE = Automatic;
				CURRENT_PROJECT_VERSION = 1;
				DEVELOPMENT_TEAM = "";
				GENERATE_INFOPLIST_FILE = YES;
				INFOPLIST_KEY_CFBundleDisplayName = "Maia Mail";
				INFOPLIST_KEY_LSApplicationCategoryType = "public.app-category.productivity";
				INFOPLIST_KEY_UIApplicationSceneManifest_Generation = YES;
				INFOPLIST_KEY_UIApplicationSupportsIndirectInputEvents = YES;
				INFOPLIST_KEY_UILaunchScreen_Generation = YES;
				INFOPLIST_KEY_UISupportedInterfaceOrientations_iPad = "UIInterfaceOrientationPortrait UIInterfaceOrientationPortraitUpsideDown UIInterfaceOrientationLandscapeLeft UIInterfaceOrientationLandscapeRight";
				INFOPLIST_KEY_UISupportedInterfaceOrientations_iPhone = "UIInterfaceOrientationPortrait UIInterfaceOrientationLandscapeLeft UIInterfaceOrientationLandscapeRight";
				LD_RUNPATH_SEARCH_PATHS = (
					"$(inherited)",
					"@executable_path/Frameworks",
				);
				MARKETING_VERSION = 1.0;
				PRODUCT_BUNDLE_IDENTIFIER = com.maia.mail;
				PRODUCT_NAME = "$(TARGET_NAME)";
				SUPPORTED_PLATFORMS = "iphoneos iphonesimulator";
				SUPPORTS_MACCATALYST = NO;
				SWIFT_EMIT_LOC_STRINGS = YES;
				SWIFT_VERSION = 5.0;
				TARGETED_DEVICE_FAMILY = "1,2";
			};
			name = Debug;
		};
		B2000004 /* Release */ = {
			isa = XCBuildConfiguration;
			buildSettings = {
				ASSETCATALOG_COMPILER_APPICON_NAME = AppIcon;
				ASSETCATALOG_COMPILER_GLOBAL_ACCENT_COLOR_NAME = AccentColor;
				CODE_SIGN_STYLE = Automatic;
				CURRENT_PROJECT_VERSION = 1;
				DEVELOPMENT_TEAM = "";
				GENERATE_INFOPLIST_FILE = YES;
				INFOPLIST_KEY_CFBundleDisplayName = "Maia Mail";
				INFOPLIST_KEY_LSApplicationCategoryType = "public.app-category.productivity";
				INFOPLIST_KEY_UIApplicationSceneManifest_Generation = YES;
				INFOPLIST_KEY_UIApplicationSupportsIndirectInputEvents = YES;
				INFOPLIST_KEY_UILaunchScreen_Generation = YES;
				INFOPLIST_KEY_UISupportedInterfaceOrientations_iPad = "UIInterfaceOrientationPortrait UIInterfaceOrientationPortraitUpsideDown UIInterfaceOrientationLandscapeLeft UIInterfaceOrientationLandscapeRight";
				INFOPLIST_KEY_UISupportedInterfaceOrientations_iPhone = "UIInterfaceOrientationPortrait UIInterfaceOrientationLandscapeLeft UIInterfaceOrientationLandscapeRight";
				LD_RUNPATH_SEARCH_PATHS = (
					"$(inherited)",
					"@executable_path/Frameworks",
				);
				MARKETING_VERSION = 1.0;
				PRODUCT_BUNDLE_IDENTIFIER = com.maia.mail;
				PRODUCT_NAME = "$(TARGET_NAME)";
				SUPPORTED_PLATFORMS = "iphoneos iphonesimulator";
				SUPPORTS_MACCATALYST = NO;
				SWIFT_EMIT_LOC_STRINGS = YES;
				SWIFT_VERSION = 5.0;
				TARGETED_DEVICE_FAMILY = "1,2";
			};
			name = Release;
		};
/* End XCBuildConfiguration section */

/* Begin XCConfigurationList section */
		B0000001 /* Build configuration list for PBXProject "MaiaMail" */ = {
			isa = XCConfigurationList;
			buildConfigurations = (
				B2000001 /* Debug */,
				B2000002 /* Release */,
			);
			defaultConfigurationIsVisible = 0;
			defaultConfigurationName = Release;
		};
		B0000002 /* Build configuration list for PBXNativeTarget "MaiaMail" */ = {
			isa = XCConfigurationList;
			buildConfigurations = (
				B2000003 /* Debug */,
				B2000004 /* Release */,
			);
			defaultConfigurationIsVisible = 0;
			defaultConfigurationName = Release;
		};
/* End XCConfigurationList section */

	};
	rootObject = B1000001 /* Project object */;
}
